
Microsoft Visual Studio Solution File, Format Version 12.00
# Visual Studio 15
VisualStudioVersion = 15.0.28307.1062
MinimumVisualStudioVersion = 10.0.40219.1
Project("{FAE04EC0-301F-11D3-BF4B-00C04F79EFBC}") = "PSManagement", "PSManagement\PSManagement.csproj", "{C20A27CD-B8A5-4828-9DC3-3468757271F2}"
EndProject
Global
	GlobalSection(SolutionConfigurationPlatforms) = preSolution
		Debug|Any CPU = Debug|Any CPU
		Release|Any CPU = Release|Any CPU
	EndGlobalSection
	GlobalSection(ProjectConfigurationPlatforms) = postSolution
		{C20A27CD-B8A5-4828-9DC3-3468757271F2}.Debug|Any CPU.ActiveCfg = Debug|Any CPU
		{C20A27CD-B8A5-4828-9DC3-3468757271F2}.Debug|Any CPU.Build.0 = Debug|Any CPU
		{C20A27CD-B8A5-4828-9DC3-3468757271F2}.Release|Any CPU.ActiveCfg = Release|Any CPU
		{C20A27CD-B8A5-4828-9DC3-3468757271F2}.Release|Any CPU.Build.0 = Release|Any CPU
	EndGlobalSection
	GlobalSection(SolutionProperties) = preSolution
		HideSolutionNode = FALSE
	EndGlobalSection
	GlobalSection(ExtensibilityGlobals) = postSolution
		SolutionGuid = {A419A2ED-5BA6-4190-ADF4-952DD50575F0}
	EndGlobalSection
EndGlobal
